// !$*UTF8*$!
{
	archiveVersion = 1;
	classes = {
	};
	objectVersion = 56;
	objects = {

/* Begin PBXBuildFile section */
		6145FC5C2B19988E0089C97A /* AppDelegate.swift in Sources */ = {isa = PBXBuildFile; fileRef = 6145FC5B2B19988E0089C97A /* AppDelegate.swift */; };
		6145FC5E2B19988E0089C97A /* SceneDelegate.swift in Sources */ = {isa = PBXBuildFile; fileRef = 6145FC5D2B19988E0089C97A /* SceneDelegate.swift */; };
		6145FC662B19988E0089C97A /* weather.xcdatamodeld in Sources */ = {isa = PBXBuildFile; fileRef = 6145FC642B19988E0089C97A /* weather.xcdatamodeld */; };
		6145FC682B1998900089C97A /* Assets.xcassets in Resources */ = {isa = PBXBuildFile; fileRef = 6145FC672B1998900089C97A /* Assets.xcassets */; };
		6145FC6B2B1998900089C97A /* LaunchScreen.storyboard in Resources */ = {isa = PBXBuildFile; fileRef = 6145FC692B1998900089C97A /* LaunchScreen.storyboard */; };
		6145FC742B19A7D90089C97A /* Builder.swift in Sources */ = {isa = PBXBuildFile; fileRef = 6145FC732B19A7D90089C97A /* Builder.swift */; };
		6145FC772B1B52C90089C97A /* LocationPermissionViewController.swift in Sources */ = {isa = PBXBuildFile; fileRef = 6145FC762B1B52C90089C97A /* LocationPermissionViewController.swift */; };
		6145FC7A2B1B65D30089C97A /* rubik-semi-bold.ttf in Resources */ = {isa = PBXBuildFile; fileRef = 6145FC792B1B65D30089C97A /* rubik-semi-bold.ttf */; };
		6145FC7C2B1B689E0089C97A /* rubik-regular.ttf in Resources */ = {isa = PBXBuildFile; fileRef = 6145FC7B2B1B689D0089C97A /* rubik-regular.ttf */; };
		6145FC7E2B1C60A50089C97A /* CustomButton.swift in Sources */ = {isa = PBXBuildFile; fileRef = 6145FC7D2B1C60A50089C97A /* CustomButton.swift */; };
		6145FC802B1C6BF80089C97A /* rubik-medium.ttf in Resources */ = {isa = PBXBuildFile; fileRef = 6145FC7F2B1C6BF80089C97A /* rubik-medium.ttf */; };
		6145FC832B1C714E0089C97A /* ForecastViewController.swift in Sources */ = {isa = PBXBuildFile; fileRef = 6145FC822B1C714E0089C97A /* ForecastViewController.swift */; };
		6145FC852B1C76D00089C97A /* WeatherNowHeaderView.swift in Sources */ = {isa = PBXBuildFile; fileRef = 6145FC842B1C76D00089C97A /* WeatherNowHeaderView.swift */; };
		6145FCAA2B218F3F0089C97A /* WeatherCoordinator.swift in Sources */ = {isa = PBXBuildFile; fileRef = 6145FCA92B218F3F0089C97A /* WeatherCoordinator.swift */; };
		6145FCAD2B21948C0089C97A /* LocationService.swift in Sources */ = {isa = PBXBuildFile; fileRef = 6145FCAC2B21948C0089C97A /* LocationService.swift */; };
		6145FCAF2B21ACD10089C97A /* ForecastViewModel.swift in Sources */ = {isa = PBXBuildFile; fileRef = 6145FCAE2B21ACD10089C97A /* ForecastViewModel.swift */; };
		6145FCB12B21AF7E0089C97A /* ExtensionUIViewController.swift in Sources */ = {isa = PBXBuildFile; fileRef = 6145FCB02B21AF7E0089C97A /* ExtensionUIViewController.swift */; };
		6145FCB42B22EC870089C97A /* HoursTableViewCell.swift in Sources */ = {isa = PBXBuildFile; fileRef = 6145FCB32B22EC870089C97A /* HoursTableViewCell.swift */; };
		6145FCB62B22ECBA0089C97A /* DaysTableViewCell.swift in Sources */ = {isa = PBXBuildFile; fileRef = 6145FCB52B22ECBA0089C97A /* DaysTableViewCell.swift */; };
		6145FCB92B22F26A0089C97A /* HourCollectionViewCell.swift in Sources */ = {isa = PBXBuildFile; fileRef = 6145FCB82B22F26A0089C97A /* HourCollectionViewCell.swift */; };
		6145FCBC2B2446470089C97A /* DaysHeaderFooterView.swift in Sources */ = {isa = PBXBuildFile; fileRef = 6145FCBB2B2446470089C97A /* DaysHeaderFooterView.swift */; };
/* End PBXBuildFile section */

/* Begin PBXFileReference section */
		6145FC582B19988E0089C97A /* weather.app */ = {isa = PBXFileReference; explicitFileType = wrapper.application; includeInIndex = 0; path = weather.app; sourceTree = BUILT_PRODUCTS_DIR; };
		6145FC5B2B19988E0089C97A /* AppDelegate.swift */ = {isa = PBXFileReference; lastKnownFileType = sourcecode.swift; path = AppDelegate.swift; sourceTree = "<group>"; };
		6145FC5D2B19988E0089C97A /* SceneDelegate.swift */ = {isa = PBXFileReference; lastKnownFileType = sourcecode.swift; path = SceneDelegate.swift; sourceTree = "<group>"; };
		6145FC652B19988E0089C97A /* weather.xcdatamodel */ = {isa = PBXFileReference; lastKnownFileType = wrapper.xcdatamodel; path = weather.xcdatamodel; sourceTree = "<group>"; };
		6145FC672B1998900089C97A /* Assets.xcassets */ = {isa = PBXFileReference; lastKnownFileType = folder.assetcatalog; path = Assets.xcassets; sourceTree = "<group>"; };
		6145FC6A2B1998900089C97A /* Base */ = {isa = PBXFileReference; lastKnownFileType = file.storyboard; name = Base; path = Base.lproj/LaunchScreen.storyboard; sourceTree = "<group>"; };
		6145FC6C2B1998900089C97A /* Info.plist */ = {isa = PBXFileReference; lastKnownFileType = text.plist.xml; path = Info.plist; sourceTree = "<group>"; };
		6145FC732B19A7D90089C97A /* Builder.swift */ = {isa = PBXFileReference; lastKnownFileType = sourcecode.swift; path = Builder.swift; sourceTree = "<group>"; };
		6145FC762B1B52C90089C97A /* LocationPermissionViewController.swift */ = {isa = PBXFileReference; lastKnownFileType = sourcecode.swift; path = LocationPermissionViewController.swift; sourceTree = "<group>"; };
		6145FC792B1B65D30089C97A /* rubik-semi-bold.ttf */ = {isa = PBXFileReference; lastKnownFileType = file; path = "rubik-semi-bold.ttf"; sourceTree = "<group>"; };
		6145FC7B2B1B689D0089C97A /* rubik-regular.ttf */ = {isa = PBXFileReference; lastKnownFileType = file; path = "rubik-regular.ttf"; sourceTree = "<group>"; };
		6145FC7D2B1C60A50089C97A /* CustomButton.swift */ = {isa = PBXFileReference; lastKnownFileType = sourcecode.swift; path = CustomButton.swift; sourceTree = "<group>"; };
		6145FC7F2B1C6BF80089C97A /* rubik-medium.ttf */ = {isa = PBXFileReference; lastKnownFileType = file; path = "rubik-medium.ttf"; sourceTree = "<group>"; };
		6145FC822B1C714E0089C97A /* ForecastViewController.swift */ = {isa = PBXFileReference; lastKnownFileType = sourcecode.swift; path = ForecastViewController.swift; sourceTree = "<group>"; };
		6145FC842B1C76D00089C97A /* WeatherNowHeaderView.swift */ = {isa = PBXFileReference; lastKnownFileType = sourcecode.swift; path = WeatherNowHeaderView.swift; sourceTree = "<group>"; };
		6145FCA92B218F3F0089C97A /* WeatherCoordinator.swift */ = {isa = PBXFileReference; lastKnownFileType = sourcecode.swift; path = WeatherCoordinator.swift; sourceTree = "<group>"; };
		6145FCAC2B21948C0089C97A /* LocationService.swift */ = {isa = PBXFileReference; lastKnownFileType = sourcecode.swift; path = LocationService.swift; sourceTree = "<group>"; };
		6145FCAE2B21ACD10089C97A /* ForecastViewModel.swift */ = {isa = PBXFileReference; lastKnownFileType = sourcecode.swift; path = ForecastViewModel.swift; sourceTree = "<group>"; };
		6145FCB02B21AF7E0089C97A /* ExtensionUIViewController.swift */ = {isa = PBXFileReference; lastKnownFileType = sourcecode.swift; path = ExtensionUIViewController.swift; sourceTree = "<group>"; };
		6145FCB32B22EC870089C97A /* HoursTableViewCell.swift */ = {isa = PBXFileReference; lastKnownFileType = sourcecode.swift; path = HoursTableViewCell.swift; sourceTree = "<group>"; };
		6145FCB52B22ECBA0089C97A /* DaysTableViewCell.swift */ = {isa = PBXFileReference; lastKnownFileType = sourcecode.swift; path = DaysTableViewCell.swift; sourceTree = "<group>"; };
		6145FCB82B22F26A0089C97A /* HourCollectionViewCell.swift */ = {isa = PBXFileReference; lastKnownFileType = sourcecode.swift; path = HourCollectionViewCell.swift; sourceTree = "<group>"; };
		6145FCBB2B2446470089C97A /* DaysHeaderFooterView.swift */ = {isa = PBXFileReference; lastKnownFileType = sourcecode.swift; path = DaysHeaderFooterView.swift; sourceTree = "<group>"; };
/* End PBXFileReference section */

/* Begin PBXFrameworksBuildPhase section */
		6145FC552B19988E0089C97A /* Frameworks */ = {
			isa = PBXFrameworksBuildPhase;
			buildActionMask = 2147483647;
			files = (
			);
			runOnlyForDeploymentPostprocessing = 0;
		};
/* End PBXFrameworksBuildPhase section */

/* Begin PBXGroup section */
		6145FC4F2B19988E0089C97A = {
			isa = PBXGroup;
			children = (
				6145FC5A2B19988E0089C97A /* weather */,
				6145FC592B19988E0089C97A /* Products */,
			);
			sourceTree = "<group>";
		};
		6145FC592B19988E0089C97A /* Products */ = {
			isa = PBXGroup;
			children = (
				6145FC582B19988E0089C97A /* weather.app */,
			);
			name = Products;
			sourceTree = "<group>";
		};
		6145FC5A2B19988E0089C97A /* weather */ = {
			isa = PBXGroup;
			children = (
				6145FCA82B218F230089C97A /* Coordinators */,
				6145FC722B19A7C10089C97A /* Builder */,
				6145FC5B2B19988E0089C97A /* AppDelegate.swift */,
				6145FCB02B21AF7E0089C97A /* ExtensionUIViewController.swift */,
				6145FC782B1B65B20089C97A /* Fonts */,
				6145FC752B1B52770089C97A /* LocationPermission */,
				6145FC5D2B19988E0089C97A /* SceneDelegate.swift */,
				6145FC7D2B1C60A50089C97A /* CustomButton.swift */,
				6145FCAB2B21946A0089C97A /* Service */,
				6145FC812B1C71140089C97A /* Forecast */,
				6145FC672B1998900089C97A /* Assets.xcassets */,
				6145FC692B1998900089C97A /* LaunchScreen.storyboard */,
				6145FC6C2B1998900089C97A /* Info.plist */,
				6145FC642B19988E0089C97A /* weather.xcdatamodeld */,
			);
			path = weather;
			sourceTree = "<group>";
		};
		6145FC722B19A7C10089C97A /* Builder */ = {
			isa = PBXGroup;
			children = (
				6145FC732B19A7D90089C97A /* Builder.swift */,
			);
			path = Builder;
			sourceTree = "<group>";
		};
		6145FC752B1B52770089C97A /* LocationPermission */ = {
			isa = PBXGroup;
			children = (
				6145FC762B1B52C90089C97A /* LocationPermissionViewController.swift */,
			);
			path = LocationPermission;
			sourceTree = "<group>";
		};
		6145FC782B1B65B20089C97A /* Fonts */ = {
			isa = PBXGroup;
			children = (
				6145FC7B2B1B689D0089C97A /* rubik-regular.ttf */,
				6145FC7F2B1C6BF80089C97A /* rubik-medium.ttf */,
				6145FC792B1B65D30089C97A /* rubik-semi-bold.ttf */,
			);
			path = Fonts;
			sourceTree = "<group>";
		};
		6145FC812B1C71140089C97A /* Forecast */ = {
			isa = PBXGroup;
			children = (
				6145FC822B1C714E0089C97A /* ForecastViewController.swift */,
				6145FCB22B22EC500089C97A /* ForecastTable */,
				6145FCAE2B21ACD10089C97A /* ForecastViewModel.swift */,
			);
			path = Forecast;
			sourceTree = "<group>";
		};
		6145FCA82B218F230089C97A /* Coordinators */ = {
			isa = PBXGroup;
			children = (
				6145FCA92B218F3F0089C97A /* WeatherCoordinator.swift */,
			);
			path = Coordinators;
			sourceTree = "<group>";
		};
		6145FCAB2B21946A0089C97A /* Service */ = {
			isa = PBXGroup;
			children = (
				6145FCAC2B21948C0089C97A /* LocationService.swift */,
			);
			path = Service;
			sourceTree = "<group>";
		};
		6145FCB22B22EC500089C97A /* ForecastTable */ = {
			isa = PBXGroup;
			children = (
				6145FC842B1C76D00089C97A /* WeatherNowHeaderView.swift */,
				6145FCB72B22F24A0089C97A /* Hours */,
				6145FCBA2B2446230089C97A /* Days */,
			);
			path = ForecastTable;
			sourceTree = "<group>";
		};
		6145FCB72B22F24A0089C97A /* Hours */ = {
			isa = PBXGroup;
			children = (
				6145FCB32B22EC870089C97A /* HoursTableViewCell.swift */,
				6145FCB82B22F26A0089C97A /* HourCollectionViewCell.swift */,
			);
			path = Hours;
			sourceTree = "<group>";
		};
		6145FCBA2B2446230089C97A /* Days */ = {
			isa = PBXGroup;
			children = (
				6145FCB52B22ECBA0089C97A /* DaysTableViewCell.swift */,
				6145FCBB2B2446470089C97A /* DaysHeaderFooterView.swift */,
			);
			path = Days;
			sourceTree = "<group>";
		};
/* End PBXGroup section */

/* Begin PBXNativeTarget section */
		6145FC572B19988E0089C97A /* weather */ = {
			isa = PBXNativeTarget;
			buildConfigurationList = 6145FC6F2B1998900089C97A /* Build configuration list for PBXNativeTarget "weather" */;
			buildPhases = (
				6145FC542B19988E0089C97A /* Sources */,
				6145FC552B19988E0089C97A /* Frameworks */,
				6145FC562B19988E0089C97A /* Resources */,
			);
			buildRules = (
			);
			dependencies = (
			);
			name = weather;
			productName = weather;
			productReference = 6145FC582B19988E0089C97A /* weather.app */;
			productType = "com.apple.product-type.application";
		};
/* End PBXNativeTarget section */

/* Begin PBXProject section */
		6145FC502B19988E0089C97A /* Project object */ = {
			isa = PBXProject;
			attributes = {
				BuildIndependentTargetsInParallel = 1;
				LastSwiftUpdateCheck = 1500;
				LastUpgradeCheck = 1500;
				TargetAttributes = {
					6145FC572B19988E0089C97A = {
						CreatedOnToolsVersion = 15.0;
					};
				};
			};
			buildConfigurationList = 6145FC532B19988E0089C97A /* Build configuration list for PBXProject "weather" */;
			compatibilityVersion = "Xcode 14.0";
			developmentRegion = en;
			hasScannedForEncodings = 0;
			knownRegions = (
				en,
				Base,
			);
			mainGroup = 6145FC4F2B19988E0089C97A;
			productRefGroup = 6145FC592B19988E0089C97A /* Products */;
			projectDirPath = "";
			projectRoot = "";
			targets = (
				6145FC572B19988E0089C97A /* weather */,
			);
		};
/* End PBXProject section */

/* Begin PBXResourcesBuildPhase section */
		6145FC562B19988E0089C97A /* Resources */ = {
			isa = PBXResourcesBuildPhase;
			buildActionMask = 2147483647;
			files = (
				6145FC7A2B1B65D30089C97A /* rubik-semi-bold.ttf in Resources */,
				6145FC7C2B1B689E0089C97A /* rubik-regular.ttf in Resources */,
				6145FC6B2B1998900089C97A /* LaunchScreen.storyboard in Resources */,
				6145FC802B1C6BF80089C97A /* rubik-medium.ttf in Resources */,
				6145FC682B1998900089C97A /* Assets.xcassets in Resources */,
			);
			runOnlyForDeploymentPostprocessing = 0;
		};
/* End PBXResourcesBuildPhase section */

/* Begin PBXSourcesBuildPhase section */
		6145FC542B19988E0089C97A /* Sources */ = {
			isa = PBXSourcesBuildPhase;
			buildActionMask = 2147483647;
			files = (
				6145FCB42B22EC870089C97A /* HoursTableViewCell.swift in Sources */,
				6145FCB12B21AF7E0089C97A /* ExtensionUIViewController.swift in Sources */,
				6145FC662B19988E0089C97A /* weather.xcdatamodeld in Sources */,
				6145FC772B1B52C90089C97A /* LocationPermissionViewController.swift in Sources */,
				6145FCB92B22F26A0089C97A /* HourCollectionViewCell.swift in Sources */,
				6145FCB62B22ECBA0089C97A /* DaysTableViewCell.swift in Sources */,
				6145FC5C2B19988E0089C97A /* AppDelegate.swift in Sources */,
				6145FC7E2B1C60A50089C97A /* CustomButton.swift in Sources */,
				6145FCAA2B218F3F0089C97A /* WeatherCoordinator.swift in Sources */,
				6145FCBC2B2446470089C97A /* DaysHeaderFooterView.swift in Sources */,
				6145FCAD2B21948C0089C97A /* LocationService.swift in Sources */,
				6145FC832B1C714E0089C97A /* ForecastViewController.swift in Sources */,
				6145FC852B1C76D00089C97A /* WeatherNowHeaderView.swift in Sources */,
				6145FCAF2B21ACD10089C97A /* ForecastViewModel.swift in Sources */,
				6145FC5E2B19988E0089C97A /* SceneDelegate.swift in Sources */,
				6145FC742B19A7D90089C97A /* Builder.swift in Sources */,
			);
			runOnlyForDeploymentPostprocessing = 0;
		};
/* End PBXSourcesBuildPhase section */

/* Begin PBXVariantGroup section */
		6145FC692B1998900089C97A /* LaunchScreen.storyboard */ = {
			isa = PBXVariantGroup;
			children = (
				6145FC6A2B1998900089C97A /* Base */,
			);
			name = LaunchScreen.storyboard;
			sourceTree = "<group>";
		};
/* End PBXVariantGroup section */

/* Begin XCBuildConfiguration section */
		6145FC6D2B1998900089C97A /* Debug */ = {
			isa = XCBuildConfiguration;
			buildSettings = {
				ALWAYS_SEARCH_USER_PATHS = NO;
				ASSETCATALOG_COMPILER_GENERATE_SWIFT_ASSET_SYMBOL_EXTENSIONS = YES;
				CLANG_ANALYZER_NONNULL = YES;
				CLANG_ANALYZER_NUMBER_OBJECT_CONVERSION = YES_AGGRESSIVE;
				CLANG_CXX_LANGUAGE_STANDARD = "gnu++20";
				CLANG_ENABLE_MODULES = YES;
				CLANG_ENABLE_OBJC_ARC = YES;
				CLANG_ENABLE_OBJC_WEAK = YES;
				CLANG_WARN_BLOCK_CAPTURE_AUTORELEASING = YES;
				CLANG_WARN_BOOL_CONVERSION = YES;
				CLANG_WARN_COMMA = YES;
				CLANG_WARN_CONSTANT_CONVERSION = YES;
				CLANG_WARN_DEPRECATED_OBJC_IMPLEMENTATIONS = YES;
				CLANG_WARN_DIRECT_OBJC_ISA_USAGE = YES_ERROR;
				CLANG_WARN_DOCUMENTATION_COMMENTS = YES;
				CLANG_WARN_EMPTY_BODY = YES;
				CLANG_WARN_ENUM_CONVERSION = YES;
				CLANG_WARN_INFINITE_RECURSION = YES;
				CLANG_WARN_INT_CONVERSION = YES;
				CLANG_WARN_NON_LITERAL_NULL_CONVERSION = YES;
				CLANG_WARN_OBJC_IMPLICIT_RETAIN_SELF = YES;
				CLANG_WARN_OBJC_LITERAL_CONVERSION = YES;
				CLANG_WARN_OBJC_ROOT_CLASS = YES_ERROR;
				CLANG_WARN_QUOTED_INCLUDE_IN_FRAMEWORK_HEADER = YES;
				CLANG_WARN_RANGE_LOOP_ANALYSIS = YES;
				CLANG_WARN_STRICT_PROTOTYPES = YES;
				CLANG_WARN_SUSPICIOUS_MOVE = YES;
				CLANG_WARN_UNGUARDED_AVAILABILITY = YES_AGGRESSIVE;
				CLANG_WARN_UNREACHABLE_CODE = YES;
				CLANG_WARN__DUPLICATE_METHOD_MATCH = YES;
				COPY_PHASE_STRIP = NO;
				DEBUG_INFORMATION_FORMAT = dwarf;
				ENABLE_STRICT_OBJC_MSGSEND = YES;
				ENABLE_TESTABILITY = YES;
				ENABLE_USER_SCRIPT_SANDBOXING = YES;
				GCC_C_LANGUAGE_STANDARD = gnu17;
				GCC_DYNAMIC_NO_PIC = NO;
				GCC_NO_COMMON_BLOCKS = YES;
				GCC_OPTIMIZATION_LEVEL = 0;
				GCC_PREPROCESSOR_DEFINITIONS = (
					"DEBUG=1",
					"$(inherited)",
				);
				GCC_WARN_64_TO_32_BIT_CONVERSION = YES;
				GCC_WARN_ABOUT_RETURN_TYPE = YES_ERROR;
				GCC_WARN_UNDECLARED_SELECTOR = YES;
				GCC_WARN_UNINITIALIZED_AUTOS = YES_AGGRESSIVE;
				GCC_WARN_UNUSED_FUNCTION = YES;
				GCC_WARN_UNUSED_VARIABLE = YES;
				INFOPLIST_KEY_NSLocationUsageDescription = "";
				IPHONEOS_DEPLOYMENT_TARGET = 17.0;
				LOCALIZATION_PREFERS_STRING_CATALOGS = YES;
				MTL_ENABLE_DEBUG_INFO = INCLUDE_SOURCE;
				MTL_FAST_MATH = YES;
				ONLY_ACTIVE_ARCH = YES;
				SDKROOT = iphoneos;
				SWIFT_ACTIVE_COMPILATION_CONDITIONS = "DEBUG $(inherited)";
				SWIFT_OPTIMIZATION_LEVEL = "-Onone";
			};
			name = Debug;
		};
		6145FC6E2B1998900089C97A /* Release */ = {
			isa = XCBuildConfiguration;
			buildSettings = {
				ALWAYS_SEARCH_USER_PATHS = NO;
				ASSETCATALOG_COMPILER_GENERATE_SWIFT_ASSET_SYMBOL_EXTENSIONS = YES;
				CLANG_ANALYZER_NONNULL = YES;
				CLANG_ANALYZER_NUMBER_OBJECT_CONVERSION = YES_AGGRESSIVE;
				CLANG_CXX_LANGUAGE_STANDARD = "gnu++20";
				CLANG_ENABLE_MODULES = YES;
				CLANG_ENABLE_OBJC_ARC = YES;
				CLANG_ENABLE_OBJC_WEAK = YES;
				CLANG_WARN_BLOCK_CAPTURE_AUTORELEASING = YES;
				CLANG_WARN_BOOL_CONVERSION = YES;
				CLANG_WARN_COMMA = YES;
				CLANG_WARN_CONSTANT_CONVERSION = YES;
				CLANG_WARN_DEPRECATED_OBJC_IMPLEMENTATIONS = YES;
				CLANG_WARN_DIRECT_OBJC_ISA_USAGE = YES_ERROR;
				CLANG_WARN_DOCUMENTATION_COMMENTS = YES;
				CLANG_WARN_EMPTY_BODY = YES;
				CLANG_WARN_ENUM_CONVERSION = YES;
				CLANG_WARN_INFINITE_RECURSION = YES;
				CLANG_WARN_INT_CONVERSION = YES;
				CLANG_WARN_NON_LITERAL_NULL_CONVERSION = YES;
				CLANG_WARN_OBJC_IMPLICIT_RETAIN_SELF = YES;
				CLANG_WARN_OBJC_LITERAL_CONVERSION = YES;
				CLANG_WARN_OBJC_ROOT_CLASS = YES_ERROR;
				CLANG_WARN_QUOTED_INCLUDE_IN_FRAMEWORK_HEADER = YES;
				CLANG_WARN_RANGE_LOOP_ANALYSIS = YES;
				CLANG_WARN_STRICT_PROTOTYPES = YES;
				CLANG_WARN_SUSPICIOUS_MOVE = YES;
				CLANG_WARN_UNGUARDED_AVAILABILITY = YES_AGGRESSIVE;
				CLANG_WARN_UNREACHABLE_CODE = YES;
				CLANG_WARN__DUPLICATE_METHOD_MATCH = YES;
				COPY_PHASE_STRIP = NO;
				DEBUG_INFORMATION_FORMAT = "dwarf-with-dsym";
				ENABLE_NS_ASSERTIONS = NO;
				ENABLE_STRICT_OBJC_MSGSEND = YES;
				ENABLE_USER_SCRIPT_SANDBOXING = YES;
				GCC_C_LANGUAGE_STANDARD = gnu17;
				GCC_NO_COMMON_BLOCKS = YES;
				GCC_WARN_64_TO_32_BIT_CONVERSION = YES;
				GCC_WARN_ABOUT_RETURN_TYPE = YES_ERROR;
				GCC_WARN_UNDECLARED_SELECTOR = YES;
				GCC_WARN_UNINITIALIZED_AUTOS = YES_AGGRESSIVE;
				GCC_WARN_UNUSED_FUNCTION = YES;
				GCC_WARN_UNUSED_VARIABLE = YES;
				INFOPLIST_KEY_NSLocationUsageDescription = "";
				IPHONEOS_DEPLOYMENT_TARGET = 17.0;
				LOCALIZATION_PREFERS_STRING_CATALOGS = YES;
				MTL_ENABLE_DEBUG_INFO = NO;
				MTL_FAST_MATH = YES;
				SDKROOT = iphoneos;
				SWIFT_COMPILATION_MODE = wholemodule;
				VALIDATE_PRODUCT = YES;
			};
			name = Release;
		};
		6145FC702B1998900089C97A /* Debug */ = {
			isa = XCBuildConfiguration;
			buildSettings = {
				ASSETCATALOG_COMPILER_APPICON_NAME = AppIcon;
				ASSETCATALOG_COMPILER_GLOBAL_ACCENT_COLOR_NAME = AccentColor;
				CODE_SIGN_STYLE = Automatic;
				CURRENT_PROJECT_VERSION = 1;
				DEVELOPMENT_TEAM = DDMVZ4HQY9;
				GENERATE_INFOPLIST_FILE = YES;
				INFOPLIST_FILE = weather/Info.plist;
				INFOPLIST_KEY_UIApplicationSupportsIndirectInputEvents = YES;
				INFOPLIST_KEY_UILaunchStoryboardName = LaunchScreen;
				INFOPLIST_KEY_UISupportedInterfaceOrientations_iPad = "UIInterfaceOrientationPortrait UIInterfaceOrientationPortraitUpsideDown UIInterfaceOrientationLandscapeLeft UIInterfaceOrientationLandscapeRight";
				INFOPLIST_KEY_UISupportedInterfaceOrientations_iPhone = "UIInterfaceOrientationPortrait UIInterfaceOrientationLandscapeLeft UIInterfaceOrientationLandscapeRight";
				IPHONEOS_DEPLOYMENT_TARGET = 15.0;
				LD_RUNPATH_SEARCH_PATHS = (
					"$(inherited)",
					"@executable_path/Frameworks",
				);
				MARKETING_VERSION = 1.0;
				PRODUCT_BUNDLE_IDENTIFIER = com.nagaevaki.weather;
				PRODUCT_NAME = "$(TARGET_NAME)";
				SUPPORTED_PLATFORMS = "iphoneos iphonesimulator";
				SUPPORTS_MACCATALYST = NO;
				SUPPORTS_MAC_DESIGNED_FOR_IPHONE_IPAD = NO;
				SWIFT_EMIT_LOC_STRINGS = YES;
				SWIFT_VERSION = 5.0;
				TARGETED_DEVICE_FAMILY = "1,2";
			};
			name = Debug;
		};
		6145FC712B1998900089C97A /* Release */ = {
			isa = XCBuildConfiguration;
			buildSettings = {
				ASSETCATALOG_COMPILER_APPICON_NAME = AppIcon;
				ASSETCATALOG_COMPILER_GLOBAL_ACCENT_COLOR_NAME = AccentColor;
				CODE_SIGN_STYLE = Automatic;
				CURRENT_PROJECT_VERSION = 1;
				DEVELOPMENT_TEAM = DDMVZ4HQY9;
				GENERATE_INFOPLIST_FILE = YES;
				INFOPLIST_FILE = weather/Info.plist;
				INFOPLIST_KEY_UIApplicationSupportsIndirectInputEvents = YES;
				INFOPLIST_KEY_UILaunchStoryboardName = LaunchScreen;
				INFOPLIST_KEY_UISupportedInterfaceOrientations_iPad = "UIInterfaceOrientationPortrait UIInterfaceOrientationPortraitUpsideDown UIInterfaceOrientationLandscapeLeft UIInterfaceOrientationLandscapeRight";
				INFOPLIST_KEY_UISupportedInterfaceOrientations_iPhone = "UIInterfaceOrientationPortrait UIInterfaceOrientationLandscapeLeft UIInterfaceOrientationLandscapeRight";
				IPHONEOS_DEPLOYMENT_TARGET = 15.0;
				LD_RUNPATH_SEARCH_PATHS = (
					"$(inherited)",
					"@executable_path/Frameworks",
				);
				MARKETING_VERSION = 1.0;
				PRODUCT_BUNDLE_IDENTIFIER = com.nagaevaki.weather;
				PRODUCT_NAME = "$(TARGET_NAME)";
				SUPPORTED_PLATFORMS = "iphoneos iphonesimulator";
				SUPPORTS_MACCATALYST = NO;
				SUPPORTS_MAC_DESIGNED_FOR_IPHONE_IPAD = NO;
				SWIFT_EMIT_LOC_STRINGS = YES;
				SWIFT_VERSION = 5.0;
				TARGETED_DEVICE_FAMILY = "1,2";
			};
			name = Release;
		};
/* End XCBuildConfiguration section */

/* Begin XCConfigurationList section */
		6145FC532B19988E0089C97A /* Build configuration list for PBXProject "weather" */ = {
			isa = XCConfigurationList;
			buildConfigurations = (
				6145FC6D2B1998900089C97A /* Debug */,
				6145FC6E2B1998900089C97A /* Release */,
			);
			defaultConfigurationIsVisible = 0;
			defaultConfigurationName = Release;
		};
		6145FC6F2B1998900089C97A /* Build configuration list for PBXNativeTarget "weather" */ = {
			isa = XCConfigurationList;
			buildConfigurations = (
				6145FC702B1998900089C97A /* Debug */,
				6145FC712B1998900089C97A /* Release */,
			);
			defaultConfigurationIsVisible = 0;
			defaultConfigurationName = Release;
		};
/* End XCConfigurationList section */

/* Begin XCVersionGroup section */
		6145FC642B19988E0089C97A /* weather.xcdatamodeld */ = {
			isa = XCVersionGroup;
			children = (
				6145FC652B19988E0089C97A /* weather.xcdatamodel */,
			);
			currentVersion = 6145FC652B19988E0089C97A /* weather.xcdatamodel */;
			path = weather.xcdatamodeld;
			sourceTree = "<group>";
			versionGroupType = wrapper.xcdatamodel;
		};
/* End XCVersionGroup section */
	};
	rootObject = 6145FC502B19988E0089C97A /* Project object */;
}
